
Microsoft Visual Studio Solution File, Format Version 12.00
# Visual Studio 2013
VisualStudioVersion = 12.0.31101.0
MinimumVisualStudioVersion = 10.0.40219.1
Project("{FAE04EC0-301F-11D3-BF4B-00C04F79EFBC}") = "XamFormsNavigation", "XamFormsNavigation\XamFormsNavigation\XamFormsNavigation.csproj", "{14DB22AB-56DC-4698-8419-06ADFE42F14E}"
EndProject
Project("{FAE04EC0-301F-11D3-BF4B-00C04F79EFBC}") = "XamFormsNavigation.iOS", "XamFormsNavigation\XamFormsNavigation.iOS\XamFormsNavigation.iOS.csproj", "{21F80BAC-8A97-4D6B-BA93-780F9EF2E9D0}"
EndProject
Project("{FAE04EC0-301F-11D3-BF4B-00C04F79EFBC}") = "XamFormsNavigation.Droid", "XamFormsNavigation\XamFormsNavigation.Droid\XamFormsNavigation.Droid.csproj", "{DC1B4907-77A0-4A3A-A9DD-A2E995C3224B}"
EndProject
Project("{FAE04EC0-301F-11D3-BF4B-00C04F79EFBC}") = "XamFormsNavigation.WinPhone", "XamFormsNavigation\XamFormsNavigation.WinPhone\XamFormsNavigation.WinPhone.csproj", "{579F7845-C1F6-4D80-BE0C-F895303B78EF}"
EndProject
Project("{2150E333-8FDC-42A3-9474-1A3956D46DE8}") = "Shared", "Shared", "{47158AE8-88D7-427C-8903-F92AA45F20D7}"
EndProject
Project("{2150E333-8FDC-42A3-9474-1A3956D46DE8}") = "Platform", "Platform", "{8A22DF6E-AE19-476D-8840-16552B002EAD}"
EndProject
Project("{FAE04EC0-301F-11D3-BF4B-00C04F79EFBC}") = "CoreLib", "CoreLib\CoreLib.csproj", "{67F9D3A8-F71E-4428-913F-C37AE82CDB24}"
EndProject
Global
	GlobalSection(SolutionConfigurationPlatforms) = preSolution
		Ad-Hoc|Any CPU = Ad-Hoc|Any CPU
		Ad-Hoc|ARM = Ad-Hoc|ARM
		Ad-Hoc|iPhone = Ad-Hoc|iPhone
		Ad-Hoc|iPhoneSimulator = Ad-Hoc|iPhoneSimulator
		Ad-Hoc|Mixed Platforms = Ad-Hoc|Mixed Platforms
		Ad-Hoc|x86 = Ad-Hoc|x86
		AppStore|Any CPU = AppStore|Any CPU
		AppStore|ARM = AppStore|ARM
		AppStore|iPhone = AppStore|iPhone
		AppStore|iPhoneSimulator = AppStore|iPhoneSimulator
		AppStore|Mixed Platforms = AppStore|Mixed Platforms
		AppStore|x86 = AppStore|x86
		Debug|Any CPU = Debug|Any CPU
		Debug|ARM = Debug|ARM
		Debug|iPhone = Debug|iPhone
		Debug|iPhoneSimulator = Debug|iPhoneSimulator
		Debug|Mixed Platforms = Debug|Mixed Platforms
		Debug|x86 = Debug|x86
		Release|Any CPU = Release|Any CPU
		Release|ARM = Release|ARM
		Release|iPhone = Release|iPhone
		Release|iPhoneSimulator = Release|iPhoneSimulator
		Release|Mixed Platforms = Release|Mixed Platforms
		Release|x86 = Release|x86
	EndGlobalSection
	GlobalSection(ProjectConfigurationPlatforms) = postSolution
		{14DB22AB-56DC-4698-8419-06ADFE42F14E}.Ad-Hoc|Any CPU.ActiveCfg = Release|Any CPU
		{14DB22AB-56DC-4698-8419-06ADFE42F14E}.Ad-Hoc|Any CPU.Build.0 = Release|Any CPU
		{14DB22AB-56DC-4698-8419-06ADFE42F14E}.Ad-Hoc|ARM.ActiveCfg = Release|Any CPU
		{14DB22AB-56DC-4698-8419-06ADFE42F14E}.Ad-Hoc|iPhone.ActiveCfg = Release|Any CPU
		{14DB22AB-56DC-4698-8419-06ADFE42F14E}.Ad-Hoc|iPhoneSimulator.ActiveCfg = Release|Any CPU
		{14DB22AB-56DC-4698-8419-06ADFE42F14E}.Ad-Hoc|Mixed Platforms.ActiveCfg = Release|Any CPU
		{14DB22AB-56DC-4698-8419-06ADFE42F14E}.Ad-Hoc|Mixed Platforms.Build.0 = Release|Any CPU
		{14DB22AB-56DC-4698-8419-06ADFE42F14E}.Ad-Hoc|x86.ActiveCfg = Release|Any CPU
		{14DB22AB-56DC-4698-8419-06ADFE42F14E}.AppStore|Any CPU.ActiveCfg = Release|Any CPU
		{14DB22AB-56DC-4698-8419-06ADFE42F14E}.AppStore|Any CPU.Build.0 = Release|Any CPU
		{14DB22AB-56DC-4698-8419-06ADFE42F14E}.AppStore|ARM.ActiveCfg = Release|Any CPU
		{14DB22AB-56DC-4698-8419-06ADFE42F14E}.AppStore|iPhone.ActiveCfg = Release|Any CPU
		{14DB22AB-56DC-4698-8419-06ADFE42F14E}.AppStore|iPhoneSimulator.ActiveCfg = Release|Any CPU
		{14DB22AB-56DC-4698-8419-06ADFE42F14E}.AppStore|Mixed Platforms.ActiveCfg = Release|Any CPU
		{14DB22AB-56DC-4698-8419-06ADFE42F14E}.AppStore|Mixed Platforms.Build.0 = Release|Any CPU
		{14DB22AB-56DC-4698-8419-06ADFE42F14E}.AppStore|x86.ActiveCfg = Release|Any CPU
		{14DB22AB-56DC-4698-8419-06ADFE42F14E}.Debug|Any CPU.ActiveCfg = Debug|Any CPU
		{14DB22AB-56DC-4698-8419-06ADFE42F14E}.Debug|Any CPU.Build.0 = Debug|Any CPU
		{14DB22AB-56DC-4698-8419-06ADFE42F14E}.Debug|ARM.ActiveCfg = Debug|Any CPU
		{14DB22AB-56DC-4698-8419-06ADFE42F14E}.Debug|iPhone.ActiveCfg = Debug|Any CPU
		{14DB22AB-56DC-4698-8419-06ADFE42F14E}.Debug|iPhoneSimulator.ActiveCfg = Debug|Any CPU
		{14DB22AB-56DC-4698-8419-06ADFE42F14E}.Debug|Mixed Platforms.ActiveCfg = Debug|Any CPU
		{14DB22AB-56DC-4698-8419-06ADFE42F14E}.Debug|Mixed Platforms.Build.0 = Debug|Any CPU
		{14DB22AB-56DC-4698-8419-06ADFE42F14E}.Debug|x86.ActiveCfg = Debug|Any CPU
		{14DB22AB-56DC-4698-8419-06ADFE42F14E}.Release|Any CPU.ActiveCfg = Release|Any CPU
		{14DB22AB-56DC-4698-8419-06ADFE42F14E}.Release|Any CPU.Build.0 = Release|Any CPU
		{14DB22AB-56DC-4698-8419-06ADFE42F14E}.Release|ARM.ActiveCfg = Release|Any CPU
		{14DB22AB-56DC-4698-8419-06ADFE42F14E}.Release|iPhone.ActiveCfg = Release|Any CPU
		{14DB22AB-56DC-4698-8419-06ADFE42F14E}.Release|iPhoneSimulator.ActiveCfg = Release|Any CPU
		{14DB22AB-56DC-4698-8419-06ADFE42F14E}.Release|Mixed Platforms.ActiveCfg = Release|Any CPU
		{14DB22AB-56DC-4698-8419-06ADFE42F14E}.Release|Mixed Platforms.Build.0 = Release|Any CPU
		{14DB22AB-56DC-4698-8419-06ADFE42F14E}.Release|x86.ActiveCfg = Release|Any CPU
		{21F80BAC-8A97-4D6B-BA93-780F9EF2E9D0}.Ad-Hoc|Any CPU.ActiveCfg = Ad-Hoc|iPhone
		{21F80BAC-8A97-4D6B-BA93-780F9EF2E9D0}.Ad-Hoc|ARM.ActiveCfg = Ad-Hoc|iPhone
		{21F80BAC-8A97-4D6B-BA93-780F9EF2E9D0}.Ad-Hoc|iPhone.ActiveCfg = Ad-Hoc|iPhone
		{21F80BAC-8A97-4D6B-BA93-780F9EF2E9D0}.Ad-Hoc|iPhone.Build.0 = Ad-Hoc|iPhone
		{21F80BAC-8A97-4D6B-BA93-780F9EF2E9D0}.Ad-Hoc|iPhoneSimulator.ActiveCfg = Ad-Hoc|iPhoneSimulator
		{21F80BAC-8A97-4D6B-BA93-780F9EF2E9D0}.Ad-Hoc|iPhoneSimulator.Build.0 = Ad-Hoc|iPhoneSimulator
		{21F80BAC-8A97-4D6B-BA93-780F9EF2E9D0}.Ad-Hoc|Mixed Platforms.ActiveCfg = Ad-Hoc|iPhone
		{21F80BAC-8A97-4D6B-BA93-780F9EF2E9D0}.Ad-Hoc|Mixed Platforms.Build.0 = Ad-Hoc|iPhone
		{21F80BAC-8A97-4D6B-BA93-780F9EF2E9D0}.Ad-Hoc|x86.ActiveCfg = Ad-Hoc|iPhone
		{21F80BAC-8A97-4D6B-BA93-780F9EF2E9D0}.AppStore|Any CPU.ActiveCfg = AppStore|iPhone
		{21F80BAC-8A97-4D6B-BA93-780F9EF2E9D0}.AppStore|ARM.ActiveCfg = AppStore|iPhone
		{21F80BAC-8A97-4D6B-BA93-780F9EF2E9D0}.AppStore|iPhone.ActiveCfg = AppStore|iPhone
		{21F80BAC-8A97-4D6B-BA93-780F9EF2E9D0}.AppStore|iPhone.Build.0 = AppStore|iPhone
		{21F80BAC-8A97-4D6B-BA93-780F9EF2E9D0}.AppStore|iPhoneSimulator.ActiveCfg = AppStore|iPhoneSimulator
		{21F80BAC-8A97-4D6B-BA93-780F9EF2E9D0}.AppStore|iPhoneSimulator.Build.0 = AppStore|iPhoneSimulator
		{21F80BAC-8A97-4D6B-BA93-780F9EF2E9D0}.AppStore|Mixed Platforms.ActiveCfg = AppStore|iPhone
		{21F80BAC-8A97-4D6B-BA93-780F9EF2E9D0}.AppStore|Mixed Platforms.Build.0 = AppStore|iPhone
		{21F80BAC-8A97-4D6B-BA93-780F9EF2E9D0}.AppStore|x86.ActiveCfg = AppStore|iPhone
		{21F80BAC-8A97-4D6B-BA93-780F9EF2E9D0}.Debug|Any CPU.ActiveCfg = Debug|iPhone
		{21F80BAC-8A97-4D6B-BA93-780F9EF2E9D0}.Debug|ARM.ActiveCfg = Debug|iPhone
		{21F80BAC-8A97-4D6B-BA93-780F9EF2E9D0}.Debug|iPhone.ActiveCfg = Debug|iPhone
		{21F80BAC-8A97-4D6B-BA93-780F9EF2E9D0}.Debug|iPhone.Build.0 = Debug|iPhone
		{21F80BAC-8A97-4D6B-BA93-780F9EF2E9D0}.Debug|iPhoneSimulator.ActiveCfg = Debug|iPhoneSimulator
		{21F80BAC-8A97-4D6B-BA93-780F9EF2E9D0}.Debug|iPhoneSimulator.Build.0 = Debug|iPhoneSimulator
		{21F80BAC-8A97-4D6B-BA93-780F9EF2E9D0}.Debug|Mixed Platforms.ActiveCfg = Debug|iPhone
		{21F80BAC-8A97-4D6B-BA93-780F9EF2E9D0}.Debug|Mixed Platforms.Build.0 = Debug|iPhone
		{21F80BAC-8A97-4D6B-BA93-780F9EF2E9D0}.Debug|x86.ActiveCfg = Debug|iPhone
		{21F80BAC-8A97-4D6B-BA93-780F9EF2E9D0}.Release|Any CPU.ActiveCfg = Release|iPhone
		{21F80BAC-8A97-4D6B-BA93-780F9EF2E9D0}.Release|ARM.ActiveCfg = Release|iPhone
		{21F80BAC-8A97-4D6B-BA93-780F9EF2E9D0}.Release|iPhone.ActiveCfg = Release|iPhone
		{21F80BAC-8A97-4D6B-BA93-780F9EF2E9D0}.Release|iPhone.Build.0 = Release|iPhone
		{21F80BAC-8A97-4D6B-BA93-780F9EF2E9D0}.Release|iPhoneSimulator.ActiveCfg = Release|iPhoneSimulator
		{21F80BAC-8A97-4D6B-BA93-780F9EF2E9D0}.Release|iPhoneSimulator.Build.0 = Release|iPhoneSimulator
		{21F80BAC-8A97-4D6B-BA93-780F9EF2E9D0}.Release|Mixed Platforms.ActiveCfg = Release|iPhone
		{21F80BAC-8A97-4D6B-BA93-780F9EF2E9D0}.Release|Mixed Platforms.Build.0 = Release|iPhone
		{21F80BAC-8A97-4D6B-BA93-780F9EF2E9D0}.Release|x86.ActiveCfg = Release|iPhone
		{DC1B4907-77A0-4A3A-A9DD-A2E995C3224B}.Ad-Hoc|Any CPU.ActiveCfg = Release|Any CPU
		{DC1B4907-77A0-4A3A-A9DD-A2E995C3224B}.Ad-Hoc|Any CPU.Build.0 = Release|Any CPU
		{DC1B4907-77A0-4A3A-A9DD-A2E995C3224B}.Ad-Hoc|Any CPU.Deploy.0 = Release|Any CPU
		{DC1B4907-77A0-4A3A-A9DD-A2E995C3224B}.Ad-Hoc|ARM.ActiveCfg = Release|Any CPU
		{DC1B4907-77A0-4A3A-A9DD-A2E995C3224B}.Ad-Hoc|iPhone.ActiveCfg = Release|Any CPU
		{DC1B4907-77A0-4A3A-A9DD-A2E995C3224B}.Ad-Hoc|iPhoneSimulator.ActiveCfg = Release|Any CPU
		{DC1B4907-77A0-4A3A-A9DD-A2E995C3224B}.Ad-Hoc|Mixed Platforms.ActiveCfg = Release|Any CPU
		{DC1B4907-77A0-4A3A-A9DD-A2E995C3224B}.Ad-Hoc|Mixed Platforms.Build.0 = Release|Any CPU
		{DC1B4907-77A0-4A3A-A9DD-A2E995C3224B}.Ad-Hoc|Mixed Platforms.Deploy.0 = Release|Any CPU
		{DC1B4907-77A0-4A3A-A9DD-A2E995C3224B}.Ad-Hoc|x86.ActiveCfg = Release|Any CPU
		{DC1B4907-77A0-4A3A-A9DD-A2E995C3224B}.AppStore|Any CPU.ActiveCfg = Release|Any CPU
		{DC1B4907-77A0-4A3A-A9DD-A2E995C3224B}.AppStore|Any CPU.Build.0 = Release|Any CPU
		{DC1B4907-77A0-4A3A-A9DD-A2E995C3224B}.AppStore|Any CPU.Deploy.0 = Release|Any CPU
		{DC1B4907-77A0-4A3A-A9DD-A2E995C3224B}.AppStore|ARM.ActiveCfg = Release|Any CPU
		{DC1B4907-77A0-4A3A-A9DD-A2E995C3224B}.AppStore|iPhone.ActiveCfg = Release|Any CPU
		{DC1B4907-77A0-4A3A-A9DD-A2E995C3224B}.AppStore|iPhoneSimulator.ActiveCfg = Release|Any CPU
		{DC1B4907-77A0-4A3A-A9DD-A2E995C3224B}.AppStore|Mixed Platforms.ActiveCfg = Release|Any CPU
		{DC1B4907-77A0-4A3A-A9DD-A2E995C3224B}.AppStore|Mixed Platforms.Build.0 = Release|Any CPU
		{DC1B4907-77A0-4A3A-A9DD-A2E995C3224B}.AppStore|Mixed Platforms.Deploy.0 = Release|Any CPU
		{DC1B4907-77A0-4A3A-A9DD-A2E995C3224B}.AppStore|x86.ActiveCfg = Release|Any CPU
		{DC1B4907-77A0-4A3A-A9DD-A2E995C3224B}.Debug|Any CPU.ActiveCfg = Debug|Any CPU
		{DC1B4907-77A0-4A3A-A9DD-A2E995C3224B}.Debug|Any CPU.Build.0 = Debug|Any CPU
		{DC1B4907-77A0-4A3A-A9DD-A2E995C3224B}.Debug|Any CPU.Deploy.0 = Debug|Any CPU
		{DC1B4907-77A0-4A3A-A9DD-A2E995C3224B}.Debug|ARM.ActiveCfg = Debug|Any CPU
		{DC1B4907-77A0-4A3A-A9DD-A2E995C3224B}.Debug|iPhone.ActiveCfg = Debug|Any CPU
		{DC1B4907-77A0-4A3A-A9DD-A2E995C3224B}.Debug|iPhoneSimulator.ActiveCfg = Debug|Any CPU
		{DC1B4907-77A0-4A3A-A9DD-A2E995C3224B}.Debug|Mixed Platforms.ActiveCfg = Debug|Any CPU
		{DC1B4907-77A0-4A3A-A9DD-A2E995C3224B}.Debug|Mixed Platforms.Build.0 = Debug|Any CPU
		{DC1B4907-77A0-4A3A-A9DD-A2E995C3224B}.Debug|Mixed Platforms.Deploy.0 = Debug|Any CPU
		{DC1B4907-77A0-4A3A-A9DD-A2E995C3224B}.Debug|x86.ActiveCfg = Debug|Any CPU
		{DC1B4907-77A0-4A3A-A9DD-A2E995C3224B}.Release|Any CPU.ActiveCfg = Release|Any CPU
		{DC1B4907-77A0-4A3A-A9DD-A2E995C3224B}.Release|Any CPU.Build.0 = Release|Any CPU
		{DC1B4907-77A0-4A3A-A9DD-A2E995C3224B}.Release|Any CPU.Deploy.0 = Release|Any CPU
		{DC1B4907-77A0-4A3A-A9DD-A2E995C3224B}.Release|ARM.ActiveCfg = Release|Any CPU
		{DC1B4907-77A0-4A3A-A9DD-A2E995C3224B}.Release|iPhone.ActiveCfg = Release|Any CPU
		{DC1B4907-77A0-4A3A-A9DD-A2E995C3224B}.Release|iPhoneSimulator.ActiveCfg = Release|Any CPU
		{DC1B4907-77A0-4A3A-A9DD-A2E995C3224B}.Release|Mixed Platforms.ActiveCfg = Release|Any CPU
		{DC1B4907-77A0-4A3A-A9DD-A2E995C3224B}.Release|Mixed Platforms.Build.0 = Release|Any CPU
		{DC1B4907-77A0-4A3A-A9DD-A2E995C3224B}.Release|Mixed Platforms.Deploy.0 = Release|Any CPU
		{DC1B4907-77A0-4A3A-A9DD-A2E995C3224B}.Release|x86.ActiveCfg = Release|Any CPU
		{579F7845-C1F6-4D80-BE0C-F895303B78EF}.Ad-Hoc|Any CPU.ActiveCfg = Release|Any CPU
		{579F7845-C1F6-4D80-BE0C-F895303B78EF}.Ad-Hoc|Any CPU.Build.0 = Release|Any CPU
		{579F7845-C1F6-4D80-BE0C-F895303B78EF}.Ad-Hoc|Any CPU.Deploy.0 = Release|Any CPU
		{579F7845-C1F6-4D80-BE0C-F895303B78EF}.Ad-Hoc|ARM.ActiveCfg = Release|ARM
		{579F7845-C1F6-4D80-BE0C-F895303B78EF}.Ad-Hoc|ARM.Build.0 = Release|ARM
		{579F7845-C1F6-4D80-BE0C-F895303B78EF}.Ad-Hoc|ARM.Deploy.0 = Release|ARM
		{579F7845-C1F6-4D80-BE0C-F895303B78EF}.Ad-Hoc|iPhone.ActiveCfg = Release|Any CPU
		{579F7845-C1F6-4D80-BE0C-F895303B78EF}.Ad-Hoc|iPhoneSimulator.ActiveCfg = Release|Any CPU
		{579F7845-C1F6-4D80-BE0C-F895303B78EF}.Ad-Hoc|Mixed Platforms.ActiveCfg = Release|x86
		{579F7845-C1F6-4D80-BE0C-F895303B78EF}.Ad-Hoc|Mixed Platforms.Build.0 = Release|x86
		{579F7845-C1F6-4D80-BE0C-F895303B78EF}.Ad-Hoc|Mixed Platforms.Deploy.0 = Release|x86
		{579F7845-C1F6-4D80-BE0C-F895303B78EF}.Ad-Hoc|x86.ActiveCfg = Release|x86
		{579F7845-C1F6-4D80-BE0C-F895303B78EF}.Ad-Hoc|x86.Build.0 = Release|x86
		{579F7845-C1F6-4D80-BE0C-F895303B78EF}.Ad-Hoc|x86.Deploy.0 = Release|x86
		{579F7845-C1F6-4D80-BE0C-F895303B78EF}.AppStore|Any CPU.ActiveCfg = Release|Any CPU
		{579F7845-C1F6-4D80-BE0C-F895303B78EF}.AppStore|Any CPU.Build.0 = Release|Any CPU
		{579F7845-C1F6-4D80-BE0C-F895303B78EF}.AppStore|Any CPU.Deploy.0 = Release|Any CPU
		{579F7845-C1F6-4D80-BE0C-F895303B78EF}.AppStore|ARM.ActiveCfg = Release|ARM
		{579F7845-C1F6-4D80-BE0C-F895303B78EF}.AppStore|ARM.Build.0 = Release|ARM
		{579F7845-C1F6-4D80-BE0C-F895303B78EF}.AppStore|ARM.Deploy.0 = Release|ARM
		{579F7845-C1F6-4D80-BE0C-F895303B78EF}.AppStore|iPhone.ActiveCfg = Release|Any CPU
		{579F7845-C1F6-4D80-BE0C-F895303B78EF}.AppStore|iPhoneSimulator.ActiveCfg = Release|Any CPU
		{579F7845-C1F6-4D80-BE0C-F895303B78EF}.AppStore|Mixed Platforms.ActiveCfg = Release|x86
		{579F7845-C1F6-4D80-BE0C-F895303B78EF}.AppStore|Mixed Platforms.Build.0 = Release|x86
		{579F7845-C1F6-4D80-BE0C-F895303B78EF}.AppStore|Mixed Platforms.Deploy.0 = Release|x86
		{579F7845-C1F6-4D80-BE0C-F895303B78EF}.AppStore|x86.ActiveCfg = Release|x86
		{579F7845-C1F6-4D80-BE0C-F895303B78EF}.AppStore|x86.Build.0 = Release|x86
		{579F7845-C1F6-4D80-BE0C-F895303B78EF}.AppStore|x86.Deploy.0 = Release|x86
		{579F7845-C1F6-4D80-BE0C-F895303B78EF}.Debug|Any CPU.ActiveCfg = Debug|Any CPU
		{579F7845-C1F6-4D80-BE0C-F895303B78EF}.Debug|Any CPU.Build.0 = Debug|Any CPU
		{579F7845-C1F6-4D80-BE0C-F895303B78EF}.Debug|Any CPU.Deploy.0 = Debug|Any CPU
		{579F7845-C1F6-4D80-BE0C-F895303B78EF}.Debug|ARM.ActiveCfg = Debug|ARM
		{579F7845-C1F6-4D80-BE0C-F895303B78EF}.Debug|ARM.Build.0 = Debug|ARM
		{579F7845-C1F6-4D80-BE0C-F895303B78EF}.Debug|ARM.Deploy.0 = Debug|ARM
		{579F7845-C1F6-4D80-BE0C-F895303B78EF}.Debug|iPhone.ActiveCfg = Debug|Any CPU
		{579F7845-C1F6-4D80-BE0C-F895303B78EF}.Debug|iPhoneSimulator.ActiveCfg = Debug|Any CPU
		{579F7845-C1F6-4D80-BE0C-F895303B78EF}.Debug|Mixed Platforms.ActiveCfg = Debug|x86
		{579F7845-C1F6-4D80-BE0C-F895303B78EF}.Debug|Mixed Platforms.Build.0 = Debug|x86
		{579F7845-C1F6-4D80-BE0C-F895303B78EF}.Debug|Mixed Platforms.Deploy.0 = Debug|x86
		{579F7845-C1F6-4D80-BE0C-F895303B78EF}.Debug|x86.ActiveCfg = Debug|x86
		{579F7845-C1F6-4D80-BE0C-F895303B78EF}.Debug|x86.Build.0 = Debug|x86
		{579F7845-C1F6-4D80-BE0C-F895303B78EF}.Debug|x86.Deploy.0 = Debug|x86
		{579F7845-C1F6-4D80-BE0C-F895303B78EF}.Release|Any CPU.ActiveCfg = Release|Any CPU
		{579F7845-C1F6-4D80-BE0C-F895303B78EF}.Release|Any CPU.Build.0 = Release|Any CPU
		{579F7845-C1F6-4D80-BE0C-F895303B78EF}.Release|Any CPU.Deploy.0 = Release|Any CPU
		{579F7845-C1F6-4D80-BE0C-F895303B78EF}.Release|ARM.ActiveCfg = Release|ARM
		{579F7845-C1F6-4D80-BE0C-F895303B78EF}.Release|ARM.Build.0 = Release|ARM
		{579F7845-C1F6-4D80-BE0C-F895303B78EF}.Release|ARM.Deploy.0 = Release|ARM
		{579F7845-C1F6-4D80-BE0C-F895303B78EF}.Release|iPhone.ActiveCfg = Release|Any CPU
		{579F7845-C1F6-4D80-BE0C-F895303B78EF}.Release|iPhoneSimulator.ActiveCfg = Release|Any CPU
		{579F7845-C1F6-4D80-BE0C-F895303B78EF}.Release|Mixed Platforms.ActiveCfg = Release|x86
		{579F7845-C1F6-4D80-BE0C-F895303B78EF}.Release|Mixed Platforms.Build.0 = Release|x86
		{579F7845-C1F6-4D80-BE0C-F895303B78EF}.Release|Mixed Platforms.Deploy.0 = Release|x86
		{579F7845-C1F6-4D80-BE0C-F895303B78EF}.Release|x86.ActiveCfg = Release|x86
		{579F7845-C1F6-4D80-BE0C-F895303B78EF}.Release|x86.Build.0 = Release|x86
		{579F7845-C1F6-4D80-BE0C-F895303B78EF}.Release|x86.Deploy.0 = Release|x86
		{67F9D3A8-F71E-4428-913F-C37AE82CDB24}.Ad-Hoc|Any CPU.ActiveCfg = Release|Any CPU
		{67F9D3A8-F71E-4428-913F-C37AE82CDB24}.Ad-Hoc|Any CPU.Build.0 = Release|Any CPU
		{67F9D3A8-F71E-4428-913F-C37AE82CDB24}.Ad-Hoc|ARM.ActiveCfg = Release|Any CPU
		{67F9D3A8-F71E-4428-913F-C37AE82CDB24}.Ad-Hoc|iPhone.ActiveCfg = Release|Any CPU
		{67F9D3A8-F71E-4428-913F-C37AE82CDB24}.Ad-Hoc|iPhoneSimulator.ActiveCfg = Release|Any CPU
		{67F9D3A8-F71E-4428-913F-C37AE82CDB24}.Ad-Hoc|Mixed Platforms.ActiveCfg = Release|Any CPU
		{67F9D3A8-F71E-4428-913F-C37AE82CDB24}.Ad-Hoc|Mixed Platforms.Build.0 = Release|Any CPU
		{67F9D3A8-F71E-4428-913F-C37AE82CDB24}.Ad-Hoc|x86.ActiveCfg = Release|Any CPU
		{67F9D3A8-F71E-4428-913F-C37AE82CDB24}.AppStore|Any CPU.ActiveCfg = Release|Any CPU
		{67F9D3A8-F71E-4428-913F-C37AE82CDB24}.AppStore|Any CPU.Build.0 = Release|Any CPU
		{67F9D3A8-F71E-4428-913F-C37AE82CDB24}.AppStore|ARM.ActiveCfg = Release|Any CPU
		{67F9D3A8-F71E-4428-913F-C37AE82CDB24}.AppStore|iPhone.ActiveCfg = Release|Any CPU
		{67F9D3A8-F71E-4428-913F-C37AE82CDB24}.AppStore|iPhoneSimulator.ActiveCfg = Release|Any CPU
		{67F9D3A8-F71E-4428-913F-C37AE82CDB24}.AppStore|Mixed Platforms.ActiveCfg = Release|Any CPU
		{67F9D3A8-F71E-4428-913F-C37AE82CDB24}.AppStore|Mixed Platforms.Build.0 = Release|Any CPU
		{67F9D3A8-F71E-4428-913F-C37AE82CDB24}.AppStore|x86.ActiveCfg = Release|Any CPU
		{67F9D3A8-F71E-4428-913F-C37AE82CDB24}.Debug|Any CPU.ActiveCfg = Debug|Any CPU
		{67F9D3A8-F71E-4428-913F-C37AE82CDB24}.Debug|Any CPU.Build.0 = Debug|Any CPU
		{67F9D3A8-F71E-4428-913F-C37AE82CDB24}.Debug|ARM.ActiveCfg = Debug|Any CPU
		{67F9D3A8-F71E-4428-913F-C37AE82CDB24}.Debug|iPhone.ActiveCfg = Debug|Any CPU
		{67F9D3A8-F71E-4428-913F-C37AE82CDB24}.Debug|iPhoneSimulator.ActiveCfg = Debug|Any CPU
		{67F9D3A8-F71E-4428-913F-C37AE82CDB24}.Debug|Mixed Platforms.ActiveCfg = Debug|Any CPU
		{67F9D3A8-F71E-4428-913F-C37AE82CDB24}.Debug|Mixed Platforms.Build.0 = Debug|Any CPU
		{67F9D3A8-F71E-4428-913F-C37AE82CDB24}.Debug|x86.ActiveCfg = Debug|Any CPU
		{67F9D3A8-F71E-4428-913F-C37AE82CDB24}.Release|Any CPU.ActiveCfg = Release|Any CPU
		{67F9D3A8-F71E-4428-913F-C37AE82CDB24}.Release|Any CPU.Build.0 = Release|Any CPU
		{67F9D3A8-F71E-4428-913F-C37AE82CDB24}.Release|ARM.ActiveCfg = Release|Any CPU
		{67F9D3A8-F71E-4428-913F-C37AE82CDB24}.Release|iPhone.ActiveCfg = Release|Any CPU
		{67F9D3A8-F71E-4428-913F-C37AE82CDB24}.Release|iPhoneSimulator.ActiveCfg = Release|Any CPU
		{67F9D3A8-F71E-4428-913F-C37AE82CDB24}.Release|Mixed Platforms.ActiveCfg = Release|Any CPU
		{67F9D3A8-F71E-4428-913F-C37AE82CDB24}.Release|Mixed Platforms.Build.0 = Release|Any CPU
		{67F9D3A8-F71E-4428-913F-C37AE82CDB24}.Release|x86.ActiveCfg = Release|Any CPU
	EndGlobalSection
	GlobalSection(SolutionProperties) = preSolution
		HideSolutionNode = FALSE
	EndGlobalSection
	GlobalSection(NestedProjects) = preSolution
		{14DB22AB-56DC-4698-8419-06ADFE42F14E} = {47158AE8-88D7-427C-8903-F92AA45F20D7}
		{21F80BAC-8A97-4D6B-BA93-780F9EF2E9D0} = {8A22DF6E-AE19-476D-8840-16552B002EAD}
		{DC1B4907-77A0-4A3A-A9DD-A2E995C3224B} = {8A22DF6E-AE19-476D-8840-16552B002EAD}
		{579F7845-C1F6-4D80-BE0C-F895303B78EF} = {8A22DF6E-AE19-476D-8840-16552B002EAD}
		{67F9D3A8-F71E-4428-913F-C37AE82CDB24} = {47158AE8-88D7-427C-8903-F92AA45F20D7}
	EndGlobalSection
EndGlobal
